
Microsoft Visual Studio Solution File, Format Version 12.00
# Visual Studio Version 17
VisualStudioVersion = 17.6.33815.320
MinimumVisualStudioVersion = 10.0.40219.1
Project("{FAE04EC0-301F-11D3-BF4B-00C04F79EFBC}") = "Questio 2", "Questio 2\Questio 2.csproj", "{69FD255C-6A57-443E-A7E9-57C3702388C8}"
EndProject
Global
	GlobalSection(SolutionConfigurationPlatforms) = preSolution
		Debug|Any CPU = Debug|Any CPU
		Release|Any CPU = Release|Any CPU
	EndGlobalSection
	GlobalSection(ProjectConfigurationPlatforms) = postSolution
		{69FD255C-6A57-443E-A7E9-57C3702388C8}.Debug|Any CPU.ActiveCfg = Debug|Any CPU
		{69FD255C-6A57-443E-A7E9-57C3702388C8}.Debug|Any CPU.Build.0 = Debug|Any CPU
		{69FD255C-6A57-443E-A7E9-57C3702388C8}.Release|Any CPU.ActiveCfg = Release|Any CPU
		{69FD255C-6A57-443E-A7E9-57C3702388C8}.Release|Any CPU.Build.0 = Release|Any CPU
	EndGlobalSection
	GlobalSection(SolutionProperties) = preSolution
		HideSolutionNode = FALSE
	EndGlobalSection
	GlobalSection(ExtensibilityGlobals) = postSolution
		SolutionGuid = {C5A9E980-BCEA-4AB3-AF2F-41E392878A15}
	EndGlobalSection
EndGlobal
