
Microsoft Visual Studio Solution File, Format Version 12.00
# Visual Studio Version 17
VisualStudioVersion = 17.6.33723.286
MinimumVisualStudioVersion = 10.0.40219.1
Project("{FAE04EC0-301F-11D3-BF4B-00C04F79EFBC}") = "ConsoleApp2", "ConsoleApp2\ConsoleApp2.csproj", "{75B997A2-4B0A-4928-8ED6-0746AB500F3C}"
EndProject
Global
	GlobalSection(SolutionConfigurationPlatforms) = preSolution
		Debug|Any CPU = Debug|Any CPU
		Release|Any CPU = Release|Any CPU
	EndGlobalSection
	GlobalSection(ProjectConfigurationPlatforms) = postSolution
		{75B997A2-4B0A-4928-8ED6-0746AB500F3C}.Debug|Any CPU.ActiveCfg = Debug|Any CPU
		{75B997A2-4B0A-4928-8ED6-0746AB500F3C}.Debug|Any CPU.Build.0 = Debug|Any CPU
		{75B997A2-4B0A-4928-8ED6-0746AB500F3C}.Release|Any CPU.ActiveCfg = Release|Any CPU
		{75B997A2-4B0A-4928-8ED6-0746AB500F3C}.Release|Any CPU.Build.0 = Release|Any CPU
	EndGlobalSection
	GlobalSection(SolutionProperties) = preSolution
		HideSolutionNode = FALSE
	EndGlobalSection
	GlobalSection(ExtensibilityGlobals) = postSolution
		SolutionGuid = {7873FA02-745D-48FC-919C-0456D694A806}
	EndGlobalSection
EndGlobal
