
Microsoft Visual Studio Solution File, Format Version 12.00
# Visual Studio Version 17
VisualStudioVersion = 17.6.33815.320
MinimumVisualStudioVersion = 10.0.40219.1
Project("{FAE04EC0-301F-11D3-BF4B-00C04F79EFBC}") = "Question 06", "Question 06\Question 06.csproj", "{E91268EB-3F7C-4D48-B645-68D89B93BF54}"
EndProject
Global
	GlobalSection(SolutionConfigurationPlatforms) = preSolution
		Debug|Any CPU = Debug|Any CPU
		Release|Any CPU = Release|Any CPU
	EndGlobalSection
	GlobalSection(ProjectConfigurationPlatforms) = postSolution
		{E91268EB-3F7C-4D48-B645-68D89B93BF54}.Debug|Any CPU.ActiveCfg = Debug|Any CPU
		{E91268EB-3F7C-4D48-B645-68D89B93BF54}.Debug|Any CPU.Build.0 = Debug|Any CPU
		{E91268EB-3F7C-4D48-B645-68D89B93BF54}.Release|Any CPU.ActiveCfg = Release|Any CPU
		{E91268EB-3F7C-4D48-B645-68D89B93BF54}.Release|Any CPU.Build.0 = Release|Any CPU
	EndGlobalSection
	GlobalSection(SolutionProperties) = preSolution
		HideSolutionNode = FALSE
	EndGlobalSection
	GlobalSection(ExtensibilityGlobals) = postSolution
		SolutionGuid = {7706D1C3-2353-4D5F-AFE2-B88A948C70E6}
	EndGlobalSection
EndGlobal
