
Microsoft Visual Studio Solution File, Format Version 12.00
# Visual Studio Version 17
VisualStudioVersion = 17.6.33723.286
MinimumVisualStudioVersion = 10.0.40219.1
Project("{FAE04EC0-301F-11D3-BF4B-00C04F79EFBC}") = "Lab 01 Q03", "Lab 01 Q03\Lab 01 Q03.csproj", "{31D9A206-CA17-49C4-BA22-42633C5A51E9}"
EndProject
Global
	GlobalSection(SolutionConfigurationPlatforms) = preSolution
		Debug|Any CPU = Debug|Any CPU
		Release|Any CPU = Release|Any CPU
	EndGlobalSection
	GlobalSection(ProjectConfigurationPlatforms) = postSolution
		{31D9A206-CA17-49C4-BA22-42633C5A51E9}.Debug|Any CPU.ActiveCfg = Debug|Any CPU
		{31D9A206-CA17-49C4-BA22-42633C5A51E9}.Debug|Any CPU.Build.0 = Debug|Any CPU
		{31D9A206-CA17-49C4-BA22-42633C5A51E9}.Release|Any CPU.ActiveCfg = Release|Any CPU
		{31D9A206-CA17-49C4-BA22-42633C5A51E9}.Release|Any CPU.Build.0 = Release|Any CPU
	EndGlobalSection
	GlobalSection(SolutionProperties) = preSolution
		HideSolutionNode = FALSE
	EndGlobalSection
	GlobalSection(ExtensibilityGlobals) = postSolution
		SolutionGuid = {9B0B7B42-1E03-4471-94A1-EB83F3C67BB8}
	EndGlobalSection
EndGlobal
