
Microsoft Visual Studio Solution File, Format Version 12.00
# Visual Studio Version 17
VisualStudioVersion = 17.6.33815.320
MinimumVisualStudioVersion = 10.0.40219.1
Project("{FAE04EC0-301F-11D3-BF4B-00C04F79EFBC}") = "Question 3", "Question 3\Question 3.csproj", "{FD839539-FDC2-40E1-B711-9E3B0952043A}"
EndProject
Global
	GlobalSection(SolutionConfigurationPlatforms) = preSolution
		Debug|Any CPU = Debug|Any CPU
		Release|Any CPU = Release|Any CPU
	EndGlobalSection
	GlobalSection(ProjectConfigurationPlatforms) = postSolution
		{FD839539-FDC2-40E1-B711-9E3B0952043A}.Debug|Any CPU.ActiveCfg = Debug|Any CPU
		{FD839539-FDC2-40E1-B711-9E3B0952043A}.Debug|Any CPU.Build.0 = Debug|Any CPU
		{FD839539-FDC2-40E1-B711-9E3B0952043A}.Release|Any CPU.ActiveCfg = Release|Any CPU
		{FD839539-FDC2-40E1-B711-9E3B0952043A}.Release|Any CPU.Build.0 = Release|Any CPU
	EndGlobalSection
	GlobalSection(SolutionProperties) = preSolution
		HideSolutionNode = FALSE
	EndGlobalSection
	GlobalSection(ExtensibilityGlobals) = postSolution
		SolutionGuid = {09070F2E-FB8F-4F20-80B0-668921039199}
	EndGlobalSection
EndGlobal
